
Microsoft Visual Studio Solution File, Format Version 12.00
# Visual Studio Version 16
VisualStudioVersion = 16.0.30204.135
MinimumVisualStudioVersion = 15.0.26124.0
Project("{2150E333-8FDC-42A3-9474-1A3956D46DE8}") = "_Solution Items", "_Solution Items", "{B6FFC423-B940-4131-A9A3-2E913BD20610}"
	ProjectSection(SolutionItems) = preProject
		azure-pipelines.yml = azure-pipelines.yml
		BuildNumber.ps1 = BuildNumber.ps1
		nugetImage.png = nugetImage.png
		README.md = README.md
	EndProjectSection
EndProject
Project("{9A19103F-16F7-4668-BE54-9A1E7A4F7556}") = "SharedCode", "sharedcode\SharedCode.csproj", "{D65F0E6E-6F84-4F03-94DB-0CA530B119F9}"
EndProject
Project("{9A19103F-16F7-4668-BE54-9A1E7A4F7556}") = "ConsoleDemo", "ConsoleDemo\ConsoleDemo.csproj", "{EC49100C-DC89-4C91-AF64-94DB9055BC08}"
EndProject
Project("{9A19103F-16F7-4668-BE54-9A1E7A4F7556}") = "DesktopApp", "DesktopApp\DesktopApp.csproj", "{E26A588F-9A09-467C-8983-99B494B3777D}"
EndProject
Project("{FAE04EC0-301F-11D3-BF4B-00C04F79EFBC}") = "MobileAppDemo.Android", "MobileAppDemo\MobileAppDemo.Android\MobileAppDemo.Android.csproj", "{1137CB2C-3ACE-4001-82E3-9DED73C7925E}"
EndProject
Project("{FAE04EC0-301F-11D3-BF4B-00C04F79EFBC}") = "MobileAppDemo.iOS", "MobileAppDemo\MobileAppDemo.iOS\MobileAppDemo.iOS.csproj", "{E79628B1-DB2B-4AB1-B91F-658175A0D0BD}"
EndProject
Project("{FAE04EC0-301F-11D3-BF4B-00C04F79EFBC}") = "MobileAppDemo", "MobileAppDemo\MobileAppDemo\MobileAppDemo.csproj", "{3D6639D7-14A3-4D88-8D39-DD04253B2923}"
EndProject
Global
	GlobalSection(SolutionConfigurationPlatforms) = preSolution
		Debug|Any CPU = Debug|Any CPU
		Debug|iPhone = Debug|iPhone
		Debug|iPhoneSimulator = Debug|iPhoneSimulator
		Debug|x64 = Debug|x64
		Debug|x86 = Debug|x86
		Release|Any CPU = Release|Any CPU
		Release|iPhone = Release|iPhone
		Release|iPhoneSimulator = Release|iPhoneSimulator
		Release|x64 = Release|x64
		Release|x86 = Release|x86
	EndGlobalSection
	GlobalSection(ProjectConfigurationPlatforms) = postSolution
		{D65F0E6E-6F84-4F03-94DB-0CA530B119F9}.Debug|Any CPU.ActiveCfg = Debug|Any CPU
		{D65F0E6E-6F84-4F03-94DB-0CA530B119F9}.Debug|Any CPU.Build.0 = Debug|Any CPU
		{D65F0E6E-6F84-4F03-94DB-0CA530B119F9}.Debug|iPhone.ActiveCfg = Debug|Any CPU
		{D65F0E6E-6F84-4F03-94DB-0CA530B119F9}.Debug|iPhone.Build.0 = Debug|Any CPU
		{D65F0E6E-6F84-4F03-94DB-0CA530B119F9}.Debug|iPhoneSimulator.ActiveCfg = Debug|Any CPU
		{D65F0E6E-6F84-4F03-94DB-0CA530B119F9}.Debug|iPhoneSimulator.Build.0 = Debug|Any CPU
		{D65F0E6E-6F84-4F03-94DB-0CA530B119F9}.Debug|x64.ActiveCfg = Debug|Any CPU
		{D65F0E6E-6F84-4F03-94DB-0CA530B119F9}.Debug|x64.Build.0 = Debug|Any CPU
		{D65F0E6E-6F84-4F03-94DB-0CA530B119F9}.Debug|x86.ActiveCfg = Debug|Any CPU
		{D65F0E6E-6F84-4F03-94DB-0CA530B119F9}.Debug|x86.Build.0 = Debug|Any CPU
		{D65F0E6E-6F84-4F03-94DB-0CA530B119F9}.Release|Any CPU.ActiveCfg = Release|Any CPU
		{D65F0E6E-6F84-4F03-94DB-0CA530B119F9}.Release|Any CPU.Build.0 = Release|Any CPU
		{D65F0E6E-6F84-4F03-94DB-0CA530B119F9}.Release|iPhone.ActiveCfg = Release|Any CPU
		{D65F0E6E-6F84-4F03-94DB-0CA530B119F9}.Release|iPhone.Build.0 = Release|Any CPU
		{D65F0E6E-6F84-4F03-94DB-0CA530B119F9}.Release|iPhoneSimulator.ActiveCfg = Release|Any CPU
		{D65F0E6E-6F84-4F03-94DB-0CA530B119F9}.Release|iPhoneSimulator.Build.0 = Release|Any CPU
		{D65F0E6E-6F84-4F03-94DB-0CA530B119F9}.Release|x64.ActiveCfg = Release|Any CPU
		{D65F0E6E-6F84-4F03-94DB-0CA530B119F9}.Release|x64.Build.0 = Release|Any CPU
		{D65F0E6E-6F84-4F03-94DB-0CA530B119F9}.Release|x86.ActiveCfg = Release|Any CPU
		{D65F0E6E-6F84-4F03-94DB-0CA530B119F9}.Release|x86.Build.0 = Release|Any CPU
		{EC49100C-DC89-4C91-AF64-94DB9055BC08}.Debug|Any CPU.ActiveCfg = Debug|Any CPU
		{EC49100C-DC89-4C91-AF64-94DB9055BC08}.Debug|Any CPU.Build.0 = Debug|Any CPU
		{EC49100C-DC89-4C91-AF64-94DB9055BC08}.Debug|iPhone.ActiveCfg = Debug|Any CPU
		{EC49100C-DC89-4C91-AF64-94DB9055BC08}.Debug|iPhone.Build.0 = Debug|Any CPU
		{EC49100C-DC89-4C91-AF64-94DB9055BC08}.Debug|iPhoneSimulator.ActiveCfg = Debug|Any CPU
		{EC49100C-DC89-4C91-AF64-94DB9055BC08}.Debug|iPhoneSimulator.Build.0 = Debug|Any CPU
		{EC49100C-DC89-4C91-AF64-94DB9055BC08}.Debug|x64.ActiveCfg = Debug|Any CPU
		{EC49100C-DC89-4C91-AF64-94DB9055BC08}.Debug|x64.Build.0 = Debug|Any CPU
		{EC49100C-DC89-4C91-AF64-94DB9055BC08}.Debug|x86.ActiveCfg = Debug|Any CPU
		{EC49100C-DC89-4C91-AF64-94DB9055BC08}.Debug|x86.Build.0 = Debug|Any CPU
		{EC49100C-DC89-4C91-AF64-94DB9055BC08}.Release|Any CPU.ActiveCfg = Release|Any CPU
		{EC49100C-DC89-4C91-AF64-94DB9055BC08}.Release|Any CPU.Build.0 = Release|Any CPU
		{EC49100C-DC89-4C91-AF64-94DB9055BC08}.Release|iPhone.ActiveCfg = Release|Any CPU
		{EC49100C-DC89-4C91-AF64-94DB9055BC08}.Release|iPhone.Build.0 = Release|Any CPU
		{EC49100C-DC89-4C91-AF64-94DB9055BC08}.Release|iPhoneSimulator.ActiveCfg = Release|Any CPU
		{EC49100C-DC89-4C91-AF64-94DB9055BC08}.Release|iPhoneSimulator.Build.0 = Release|Any CPU
		{EC49100C-DC89-4C91-AF64-94DB9055BC08}.Release|x64.ActiveCfg = Release|Any CPU
		{EC49100C-DC89-4C91-AF64-94DB9055BC08}.Release|x64.Build.0 = Release|Any CPU
		{EC49100C-DC89-4C91-AF64-94DB9055BC08}.Release|x86.ActiveCfg = Release|Any CPU
		{EC49100C-DC89-4C91-AF64-94DB9055BC08}.Release|x86.Build.0 = Release|Any CPU
		{E26A588F-9A09-467C-8983-99B494B3777D}.Debug|Any CPU.ActiveCfg = Debug|Any CPU
		{E26A588F-9A09-467C-8983-99B494B3777D}.Debug|Any CPU.Build.0 = Debug|Any CPU
		{E26A588F-9A09-467C-8983-99B494B3777D}.Debug|iPhone.ActiveCfg = Debug|Any CPU
		{E26A588F-9A09-467C-8983-99B494B3777D}.Debug|iPhone.Build.0 = Debug|Any CPU
		{E26A588F-9A09-467C-8983-99B494B3777D}.Debug|iPhoneSimulator.ActiveCfg = Debug|Any CPU
		{E26A588F-9A09-467C-8983-99B494B3777D}.Debug|iPhoneSimulator.Build.0 = Debug|Any CPU
		{E26A588F-9A09-467C-8983-99B494B3777D}.Debug|x64.ActiveCfg = Debug|Any CPU
		{E26A588F-9A09-467C-8983-99B494B3777D}.Debug|x64.Build.0 = Debug|Any CPU
		{E26A588F-9A09-467C-8983-99B494B3777D}.Debug|x86.ActiveCfg = Debug|Any CPU
		{E26A588F-9A09-467C-8983-99B494B3777D}.Debug|x86.Build.0 = Debug|Any CPU
		{E26A588F-9A09-467C-8983-99B494B3777D}.Release|Any CPU.ActiveCfg = Release|Any CPU
		{E26A588F-9A09-467C-8983-99B494B3777D}.Release|Any CPU.Build.0 = Release|Any CPU
		{E26A588F-9A09-467C-8983-99B494B3777D}.Release|iPhone.ActiveCfg = Release|Any CPU
		{E26A588F-9A09-467C-8983-99B494B3777D}.Release|iPhone.Build.0 = Release|Any CPU
		{E26A588F-9A09-467C-8983-99B494B3777D}.Release|iPhoneSimulator.ActiveCfg = Release|Any CPU
		{E26A588F-9A09-467C-8983-99B494B3777D}.Release|iPhoneSimulator.Build.0 = Release|Any CPU
		{E26A588F-9A09-467C-8983-99B494B3777D}.Release|x64.ActiveCfg = Release|Any CPU
		{E26A588F-9A09-467C-8983-99B494B3777D}.Release|x64.Build.0 = Release|Any CPU
		{E26A588F-9A09-467C-8983-99B494B3777D}.Release|x86.ActiveCfg = Release|Any CPU
		{E26A588F-9A09-467C-8983-99B494B3777D}.Release|x86.Build.0 = Release|Any CPU
		{1137CB2C-3ACE-4001-82E3-9DED73C7925E}.Debug|Any CPU.ActiveCfg = Debug|Any CPU
		{1137CB2C-3ACE-4001-82E3-9DED73C7925E}.Debug|Any CPU.Build.0 = Debug|Any CPU
		{1137CB2C-3ACE-4001-82E3-9DED73C7925E}.Debug|Any CPU.Deploy.0 = Debug|Any CPU
		{1137CB2C-3ACE-4001-82E3-9DED73C7925E}.Debug|iPhone.ActiveCfg = Debug|Any CPU
		{1137CB2C-3ACE-4001-82E3-9DED73C7925E}.Debug|iPhone.Build.0 = Debug|Any CPU
		{1137CB2C-3ACE-4001-82E3-9DED73C7925E}.Debug|iPhone.Deploy.0 = Debug|Any CPU
		{1137CB2C-3ACE-4001-82E3-9DED73C7925E}.Debug|iPhoneSimulator.ActiveCfg = Debug|Any CPU
		{1137CB2C-3ACE-4001-82E3-9DED73C7925E}.Debug|iPhoneSimulator.Build.0 = Debug|Any CPU
		{1137CB2C-3ACE-4001-82E3-9DED73C7925E}.Debug|iPhoneSimulator.Deploy.0 = Debug|Any CPU
		{1137CB2C-3ACE-4001-82E3-9DED73C7925E}.Debug|x64.ActiveCfg = Debug|Any CPU
		{1137CB2C-3ACE-4001-82E3-9DED73C7925E}.Debug|x64.Build.0 = Debug|Any CPU
		{1137CB2C-3ACE-4001-82E3-9DED73C7925E}.Debug|x64.Deploy.0 = Debug|Any CPU
		{1137CB2C-3ACE-4001-82E3-9DED73C7925E}.Debug|x86.ActiveCfg = Debug|Any CPU
		{1137CB2C-3ACE-4001-82E3-9DED73C7925E}.Debug|x86.Build.0 = Debug|Any CPU
		{1137CB2C-3ACE-4001-82E3-9DED73C7925E}.Debug|x86.Deploy.0 = Debug|Any CPU
		{1137CB2C-3ACE-4001-82E3-9DED73C7925E}.Release|Any CPU.ActiveCfg = Release|Any CPU
		{1137CB2C-3ACE-4001-82E3-9DED73C7925E}.Release|Any CPU.Build.0 = Release|Any CPU
		{1137CB2C-3ACE-4001-82E3-9DED73C7925E}.Release|Any CPU.Deploy.0 = Release|Any CPU
		{1137CB2C-3ACE-4001-82E3-9DED73C7925E}.Release|iPhone.ActiveCfg = Release|Any CPU
		{1137CB2C-3ACE-4001-82E3-9DED73C7925E}.Release|iPhone.Build.0 = Release|Any CPU
		{1137CB2C-3ACE-4001-82E3-9DED73C7925E}.Release|iPhone.Deploy.0 = Release|Any CPU
		{1137CB2C-3ACE-4001-82E3-9DED73C7925E}.Release|iPhoneSimulator.ActiveCfg = Release|Any CPU
		{1137CB2C-3ACE-4001-82E3-9DED73C7925E}.Release|iPhoneSimulator.Build.0 = Release|Any CPU
		{1137CB2C-3ACE-4001-82E3-9DED73C7925E}.Release|iPhoneSimulator.Deploy.0 = Release|Any CPU
		{1137CB2C-3ACE-4001-82E3-9DED73C7925E}.Release|x64.ActiveCfg = Release|Any CPU
		{1137CB2C-3ACE-4001-82E3-9DED73C7925E}.Release|x64.Build.0 = Release|Any CPU
		{1137CB2C-3ACE-4001-82E3-9DED73C7925E}.Release|x64.Deploy.0 = Release|Any CPU
		{1137CB2C-3ACE-4001-82E3-9DED73C7925E}.Release|x86.ActiveCfg = Release|Any CPU
		{1137CB2C-3ACE-4001-82E3-9DED73C7925E}.Release|x86.Build.0 = Release|Any CPU
		{1137CB2C-3ACE-4001-82E3-9DED73C7925E}.Release|x86.Deploy.0 = Release|Any CPU
		{E79628B1-DB2B-4AB1-B91F-658175A0D0BD}.Debug|Any CPU.ActiveCfg = Debug|iPhoneSimulator
		{E79628B1-DB2B-4AB1-B91F-658175A0D0BD}.Debug|iPhone.ActiveCfg = Debug|iPhone
		{E79628B1-DB2B-4AB1-B91F-658175A0D0BD}.Debug|iPhone.Build.0 = Debug|iPhone
		{E79628B1-DB2B-4AB1-B91F-658175A0D0BD}.Debug|iPhoneSimulator.ActiveCfg = Debug|iPhoneSimulator
		{E79628B1-DB2B-4AB1-B91F-658175A0D0BD}.Debug|iPhoneSimulator.Build.0 = Debug|iPhoneSimulator
		{E79628B1-DB2B-4AB1-B91F-658175A0D0BD}.Debug|x64.ActiveCfg = Debug|iPhoneSimulator
		{E79628B1-DB2B-4AB1-B91F-658175A0D0BD}.Debug|x86.ActiveCfg = Debug|iPhoneSimulator
		{E79628B1-DB2B-4AB1-B91F-658175A0D0BD}.Release|Any CPU.ActiveCfg = Release|iPhoneSimulator
		{E79628B1-DB2B-4AB1-B91F-658175A0D0BD}.Release|iPhone.ActiveCfg = Release|iPhone
		{E79628B1-DB2B-4AB1-B91F-658175A0D0BD}.Release|iPhone.Build.0 = Release|iPhone
		{E79628B1-DB2B-4AB1-B91F-658175A0D0BD}.Release|iPhoneSimulator.ActiveCfg = Release|iPhoneSimulator
		{E79628B1-DB2B-4AB1-B91F-658175A0D0BD}.Release|iPhoneSimulator.Build.0 = Release|iPhoneSimulator
		{E79628B1-DB2B-4AB1-B91F-658175A0D0BD}.Release|x64.ActiveCfg = Release|iPhoneSimulator
		{E79628B1-DB2B-4AB1-B91F-658175A0D0BD}.Release|x86.ActiveCfg = Release|iPhoneSimulator
		{3D6639D7-14A3-4D88-8D39-DD04253B2923}.Debug|Any CPU.ActiveCfg = Debug|Any CPU
		{3D6639D7-14A3-4D88-8D39-DD04253B2923}.Debug|Any CPU.Build.0 = Debug|Any CPU
		{3D6639D7-14A3-4D88-8D39-DD04253B2923}.Debug|iPhone.ActiveCfg = Debug|Any CPU
		{3D6639D7-14A3-4D88-8D39-DD04253B2923}.Debug|iPhone.Build.0 = Debug|Any CPU
		{3D6639D7-14A3-4D88-8D39-DD04253B2923}.Debug|iPhoneSimulator.ActiveCfg = Debug|Any CPU
		{3D6639D7-14A3-4D88-8D39-DD04253B2923}.Debug|iPhoneSimulator.Build.0 = Debug|Any CPU
		{3D6639D7-14A3-4D88-8D39-DD04253B2923}.Debug|x64.ActiveCfg = Debug|Any CPU
		{3D6639D7-14A3-4D88-8D39-DD04253B2923}.Debug|x64.Build.0 = Debug|Any CPU
		{3D6639D7-14A3-4D88-8D39-DD04253B2923}.Debug|x86.ActiveCfg = Debug|Any CPU
		{3D6639D7-14A3-4D88-8D39-DD04253B2923}.Debug|x86.Build.0 = Debug|Any CPU
		{3D6639D7-14A3-4D88-8D39-DD04253B2923}.Release|Any CPU.ActiveCfg = Release|Any CPU
		{3D6639D7-14A3-4D88-8D39-DD04253B2923}.Release|Any CPU.Build.0 = Release|Any CPU
		{3D6639D7-14A3-4D88-8D39-DD04253B2923}.Release|iPhone.ActiveCfg = Release|Any CPU
		{3D6639D7-14A3-4D88-8D39-DD04253B2923}.Release|iPhone.Build.0 = Release|Any CPU
		{3D6639D7-14A3-4D88-8D39-DD04253B2923}.Release|iPhoneSimulator.ActiveCfg = Release|Any CPU
		{3D6639D7-14A3-4D88-8D39-DD04253B2923}.Release|iPhoneSimulator.Build.0 = Release|Any CPU
		{3D6639D7-14A3-4D88-8D39-DD04253B2923}.Release|x64.ActiveCfg = Release|Any CPU
		{3D6639D7-14A3-4D88-8D39-DD04253B2923}.Release|x64.Build.0 = Release|Any CPU
		{3D6639D7-14A3-4D88-8D39-DD04253B2923}.Release|x86.ActiveCfg = Release|Any CPU
		{3D6639D7-14A3-4D88-8D39-DD04253B2923}.Release|x86.Build.0 = Release|Any CPU
	EndGlobalSection
	GlobalSection(SolutionProperties) = preSolution
		HideSolutionNode = FALSE
	EndGlobalSection
	GlobalSection(ExtensibilityGlobals) = postSolution
		SolutionGuid = {382354EA-333B-4F03-A85B-28B742006AAF}
	EndGlobalSection
EndGlobal
